// !$*UTF8*$!
{
	archiveVersion = 1;
	classes = {
	};
	objectVersion = 46;
	objects = {

/* Begin PBXGroup section */
		F48627171804EBFE0014BBB6 = {
			isa = PBXGroup;
			children = (
			);
			sourceTree = "<group>";
		};
/* End PBXGroup section */

/* Begin PBXProject section */
		F48627191804EBFE0014BBB6 /* Project object */ = {
			isa = PBXProject;
			attributes = {
				LastUpgradeCheck = 0440;
			};
			buildConfigurationList = F486271C1804EBFE0014BBB6 /* Build configuration list for PBXProject "CppUnitLite" */;
			compatibilityVersion = "Xcode 3.2";
			developmentRegion = English;
			hasScannedForEncodings = 0;
			knownRegions = (
				en,
			);
			mainGroup = F48627171804EBFE0014BBB6;
			projectDirPath = "";
			projectRoot = "";
			targets = (
			);
		};
/* End PBXProject section */

/* Begin XCBuildConfiguration section */
		F486271E1804EBFE0014BBB6 /* Debug */ = {
			isa = XCBuildConfiguration;
			buildSettings = {
			};
			name = Debug;
		};
		F486271F1804EBFE0014BBB6 /* Release */ = {
			isa = XCBuildConfiguration;
			buildSettings = {
			};
			name = Release;
		};
/* End XCBuildConfiguration section */

/* Begin XCConfigurationList section */
		F486271C1804EBFE0014BBB6 /* Build configuration list for PBXProject "CppUnitLite" */ = {
			isa = XCConfigurationList;
			buildConfigurations = (
				F486271E1804EBFE0014BBB6 /* Debug */,
				F486271F1804EBFE0014BBB6 /* Release */,
			);
			defaultConfigurationIsVisible = 0;
			defaultConfigurationName = Release;
		};
/* End XCConfigurationList section */
	};
	rootObject = F48627191804EBFE0014BBB6 /* Project object */;
}
